
Microsoft Visual Studio Solution File, Format Version 12.00
# Visual Studio Version 17
VisualStudioVersion = 17.6.33723.286
MinimumVisualStudioVersion = 10.0.40219.1
Project("{9A19103F-16F7-4668-BE54-9A1E7A4F7556}") = "RepositoryPatternAndUnitOfWork", "RepositoryPatternAndUnitOfWork\RepositoryPatternAndUnitOfWork.csproj", "{D8F1A282-9ED7-4EA1-813E-ECC0DF50947B}"
EndProject
Project("{9A19103F-16F7-4668-BE54-9A1E7A4F7556}") = "ApiCorrectlation", "ApiCorrectlation\ApiCorrectlation.csproj", "{83CD388D-6B7E-4B9F-ADFE-88AF3E9E8CC9}"
EndProject
Project("{9A19103F-16F7-4668-BE54-9A1E7A4F7556}") = "OpenAiApp", "OpenAiApp\OpenAiApp.csproj", "{5AB894EF-144F-45E9-A6C2-F7ED373FBFAD}"
EndProject
Project("{9A19103F-16F7-4668-BE54-9A1E7A4F7556}") = "Testing", "Testing\Testing.csproj", "{63802B45-9133-46D4-8316-5B69E9C388EC}"
EndProject
Project("{9A19103F-16F7-4668-BE54-9A1E7A4F7556}") = "Dotnet7AngualrAuthWithJwt", "Dotnet7AngualrAuthWithJwt\Dotnet7AngualrAuthWithJwt.csproj", "{8A16A738-093F-4F73-B90D-8F914C7BC988}"
EndProject
Project("{9A19103F-16F7-4668-BE54-9A1E7A4F7556}") = "BlazorCRUDWebApi.Server", "BlazorCRUDWebApi\Server\BlazorCRUDWebApi.Server.csproj", "{66A4ECF0-9F3E-44C9-B139-086547F61FA0}"
EndProject
Project("{9A19103F-16F7-4668-BE54-9A1E7A4F7556}") = "BlazorCRUDWebApi.Client", "BlazorCRUDWebApi\Client\BlazorCRUDWebApi.Client.csproj", "{318F8F05-384A-4B90-B0F0-ED6B171580DF}"
EndProject
Project("{9A19103F-16F7-4668-BE54-9A1E7A4F7556}") = "BlazorCRUDWebApi.Shared", "BlazorCRUDWebApi\Shared\BlazorCRUDWebApi.Shared.csproj", "{481B34A5-B3D4-4189-8375-845B6C60FD7D}"
EndProject
Project("{2150E333-8FDC-42A3-9474-1A3956D46DE8}") = "BlazorCRUDWebApi", "BlazorCRUDWebApi", "{474DE2FA-28D9-4A67-98C4-93BE2E3E276A}"
EndProject
Global
	GlobalSection(SolutionConfigurationPlatforms) = preSolution
		Debug|Any CPU = Debug|Any CPU
		Release|Any CPU = Release|Any CPU
	EndGlobalSection
	GlobalSection(ProjectConfigurationPlatforms) = postSolution
		{D8F1A282-9ED7-4EA1-813E-ECC0DF50947B}.Debug|Any CPU.ActiveCfg = Debug|Any CPU
		{D8F1A282-9ED7-4EA1-813E-ECC0DF50947B}.Debug|Any CPU.Build.0 = Debug|Any CPU
		{D8F1A282-9ED7-4EA1-813E-ECC0DF50947B}.Release|Any CPU.ActiveCfg = Release|Any CPU
		{D8F1A282-9ED7-4EA1-813E-ECC0DF50947B}.Release|Any CPU.Build.0 = Release|Any CPU
		{83CD388D-6B7E-4B9F-ADFE-88AF3E9E8CC9}.Debug|Any CPU.ActiveCfg = Debug|Any CPU
		{83CD388D-6B7E-4B9F-ADFE-88AF3E9E8CC9}.Debug|Any CPU.Build.0 = Debug|Any CPU
		{83CD388D-6B7E-4B9F-ADFE-88AF3E9E8CC9}.Release|Any CPU.ActiveCfg = Release|Any CPU
		{83CD388D-6B7E-4B9F-ADFE-88AF3E9E8CC9}.Release|Any CPU.Build.0 = Release|Any CPU
		{5AB894EF-144F-45E9-A6C2-F7ED373FBFAD}.Debug|Any CPU.ActiveCfg = Debug|Any CPU
		{5AB894EF-144F-45E9-A6C2-F7ED373FBFAD}.Debug|Any CPU.Build.0 = Debug|Any CPU
		{5AB894EF-144F-45E9-A6C2-F7ED373FBFAD}.Release|Any CPU.ActiveCfg = Release|Any CPU
		{5AB894EF-144F-45E9-A6C2-F7ED373FBFAD}.Release|Any CPU.Build.0 = Release|Any CPU
		{63802B45-9133-46D4-8316-5B69E9C388EC}.Debug|Any CPU.ActiveCfg = Debug|Any CPU
		{63802B45-9133-46D4-8316-5B69E9C388EC}.Debug|Any CPU.Build.0 = Debug|Any CPU
		{63802B45-9133-46D4-8316-5B69E9C388EC}.Release|Any CPU.ActiveCfg = Release|Any CPU
		{63802B45-9133-46D4-8316-5B69E9C388EC}.Release|Any CPU.Build.0 = Release|Any CPU
		{8A16A738-093F-4F73-B90D-8F914C7BC988}.Debug|Any CPU.ActiveCfg = Debug|Any CPU
		{8A16A738-093F-4F73-B90D-8F914C7BC988}.Debug|Any CPU.Build.0 = Debug|Any CPU
		{8A16A738-093F-4F73-B90D-8F914C7BC988}.Release|Any CPU.ActiveCfg = Release|Any CPU
		{8A16A738-093F-4F73-B90D-8F914C7BC988}.Release|Any CPU.Build.0 = Release|Any CPU
		{66A4ECF0-9F3E-44C9-B139-086547F61FA0}.Debug|Any CPU.ActiveCfg = Debug|Any CPU
		{66A4ECF0-9F3E-44C9-B139-086547F61FA0}.Debug|Any CPU.Build.0 = Debug|Any CPU
		{66A4ECF0-9F3E-44C9-B139-086547F61FA0}.Release|Any CPU.ActiveCfg = Release|Any CPU
		{66A4ECF0-9F3E-44C9-B139-086547F61FA0}.Release|Any CPU.Build.0 = Release|Any CPU
		{318F8F05-384A-4B90-B0F0-ED6B171580DF}.Debug|Any CPU.ActiveCfg = Debug|Any CPU
		{318F8F05-384A-4B90-B0F0-ED6B171580DF}.Debug|Any CPU.Build.0 = Debug|Any CPU
		{318F8F05-384A-4B90-B0F0-ED6B171580DF}.Release|Any CPU.ActiveCfg = Release|Any CPU
		{318F8F05-384A-4B90-B0F0-ED6B171580DF}.Release|Any CPU.Build.0 = Release|Any CPU
		{481B34A5-B3D4-4189-8375-845B6C60FD7D}.Debug|Any CPU.ActiveCfg = Debug|Any CPU
		{481B34A5-B3D4-4189-8375-845B6C60FD7D}.Debug|Any CPU.Build.0 = Debug|Any CPU
		{481B34A5-B3D4-4189-8375-845B6C60FD7D}.Release|Any CPU.ActiveCfg = Release|Any CPU
		{481B34A5-B3D4-4189-8375-845B6C60FD7D}.Release|Any CPU.Build.0 = Release|Any CPU
	EndGlobalSection
	GlobalSection(SolutionProperties) = preSolution
		HideSolutionNode = FALSE
	EndGlobalSection
	GlobalSection(NestedProjects) = preSolution
		{66A4ECF0-9F3E-44C9-B139-086547F61FA0} = {474DE2FA-28D9-4A67-98C4-93BE2E3E276A}
		{318F8F05-384A-4B90-B0F0-ED6B171580DF} = {474DE2FA-28D9-4A67-98C4-93BE2E3E276A}
		{481B34A5-B3D4-4189-8375-845B6C60FD7D} = {474DE2FA-28D9-4A67-98C4-93BE2E3E276A}
	EndGlobalSection
	GlobalSection(ExtensibilityGlobals) = postSolution
		SolutionGuid = {9EBEB5D7-CFDF-4F99-B087-2F2E7C84327B}
	EndGlobalSection
EndGlobal
