
Microsoft Visual Studio Solution File, Format Version 12.00
# Visual Studio Version 17
VisualStudioVersion = 17.6.33723.286
MinimumVisualStudioVersion = 10.0.40219.1
Project("{9A19103F-16F7-4668-BE54-9A1E7A4F7556}") = "RepositoryPatternAndUnitOfWork", "RepositoryPatternAndUnitOfWork\RepositoryPatternAndUnitOfWork.csproj", "{D8F1A282-9ED7-4EA1-813E-ECC0DF50947B}"
EndProject
Project("{FAE04EC0-301F-11D3-BF4B-00C04F79EFBC}") = "ApiCorrectlation", "ApiCorrectlation\ApiCorrectlation.csproj", "{83CD388D-6B7E-4B9F-ADFE-88AF3E9E8CC9}"
EndProject
Global
	GlobalSection(SolutionConfigurationPlatforms) = preSolution
		Debug|Any CPU = Debug|Any CPU
		Release|Any CPU = Release|Any CPU
	EndGlobalSection
	GlobalSection(ProjectConfigurationPlatforms) = postSolution
		{D8F1A282-9ED7-4EA1-813E-ECC0DF50947B}.Debug|Any CPU.ActiveCfg = Debug|Any CPU
		{D8F1A282-9ED7-4EA1-813E-ECC0DF50947B}.Debug|Any CPU.Build.0 = Debug|Any CPU
		{D8F1A282-9ED7-4EA1-813E-ECC0DF50947B}.Release|Any CPU.ActiveCfg = Release|Any CPU
		{D8F1A282-9ED7-4EA1-813E-ECC0DF50947B}.Release|Any CPU.Build.0 = Release|Any CPU
		{83CD388D-6B7E-4B9F-ADFE-88AF3E9E8CC9}.Debug|Any CPU.ActiveCfg = Debug|Any CPU
		{83CD388D-6B7E-4B9F-ADFE-88AF3E9E8CC9}.Debug|Any CPU.Build.0 = Debug|Any CPU
		{83CD388D-6B7E-4B9F-ADFE-88AF3E9E8CC9}.Release|Any CPU.ActiveCfg = Release|Any CPU
		{83CD388D-6B7E-4B9F-ADFE-88AF3E9E8CC9}.Release|Any CPU.Build.0 = Release|Any CPU
	EndGlobalSection
	GlobalSection(SolutionProperties) = preSolution
		HideSolutionNode = FALSE
	EndGlobalSection
	GlobalSection(ExtensibilityGlobals) = postSolution
		SolutionGuid = {9EBEB5D7-CFDF-4F99-B087-2F2E7C84327B}
	EndGlobalSection
EndGlobal
